
Microsoft Visual Studio Solution File, Format Version 12.00
# Visual Studio 2013
VisualStudioVersion = 12.0.30501.0
MinimumVisualStudioVersion = 10.0.40219.1
Project("{FAE04EC0-301F-11D3-BF4B-00C04F79EFBC}") = "Domain", "Domain\Domain.csproj", "{F5C6F4E8-43C5-4283-BF4C-72D69F345AD6}"
EndProject
Project("{FAE04EC0-301F-11D3-BF4B-00C04F79EFBC}") = "Presentation", "Presentation\Presentation.csproj", "{7DD8B12D-2208-492E-B010-285FB2F89882}"
	ProjectSection(ProjectDependencies) = postProject
		{F5C6F4E8-43C5-4283-BF4C-72D69F345AD6} = {F5C6F4E8-43C5-4283-BF4C-72D69F345AD6}
	EndProjectSection
EndProject
Project("{FAE04EC0-301F-11D3-BF4B-00C04F79EFBC}") = "Tests", "Tests\Tests.csproj", "{8433C14C-5690-4E34-BF1E-29B9285BEB52}"
	ProjectSection(ProjectDependencies) = postProject
		{7DD8B12D-2208-492E-B010-285FB2F89882} = {7DD8B12D-2208-492E-B010-285FB2F89882}
		{F5C6F4E8-43C5-4283-BF4C-72D69F345AD6} = {F5C6F4E8-43C5-4283-BF4C-72D69F345AD6}
	EndProjectSection
EndProject
Global
	GlobalSection(SolutionConfigurationPlatforms) = preSolution
		Debug|Any CPU = Debug|Any CPU
		Release|Any CPU = Release|Any CPU
	EndGlobalSection
	GlobalSection(ProjectConfigurationPlatforms) = postSolution
		{F5C6F4E8-43C5-4283-BF4C-72D69F345AD6}.Debug|Any CPU.ActiveCfg = Debug|Any CPU
		{F5C6F4E8-43C5-4283-BF4C-72D69F345AD6}.Debug|Any CPU.Build.0 = Debug|Any CPU
		{F5C6F4E8-43C5-4283-BF4C-72D69F345AD6}.Release|Any CPU.ActiveCfg = Release|Any CPU
		{F5C6F4E8-43C5-4283-BF4C-72D69F345AD6}.Release|Any CPU.Build.0 = Release|Any CPU
		{7DD8B12D-2208-492E-B010-285FB2F89882}.Debug|Any CPU.ActiveCfg = Debug|Any CPU
		{7DD8B12D-2208-492E-B010-285FB2F89882}.Debug|Any CPU.Build.0 = Debug|Any CPU
		{7DD8B12D-2208-492E-B010-285FB2F89882}.Release|Any CPU.ActiveCfg = Release|Any CPU
		{7DD8B12D-2208-492E-B010-285FB2F89882}.Release|Any CPU.Build.0 = Release|Any CPU
		{8433C14C-5690-4E34-BF1E-29B9285BEB52}.Debug|Any CPU.ActiveCfg = Debug|Any CPU
		{8433C14C-5690-4E34-BF1E-29B9285BEB52}.Debug|Any CPU.Build.0 = Debug|Any CPU
		{8433C14C-5690-4E34-BF1E-29B9285BEB52}.Release|Any CPU.ActiveCfg = Release|Any CPU
		{8433C14C-5690-4E34-BF1E-29B9285BEB52}.Release|Any CPU.Build.0 = Release|Any CPU
	EndGlobalSection
	GlobalSection(SolutionProperties) = preSolution
		HideSolutionNode = FALSE
	EndGlobalSection
EndGlobal
